{
  "nodes": {
    "nixpkgs": {
      "locked": {
        "lastModified": 1789490392,
        "narHash": "sha256-U8aABhRBZ1/ojybq2l5DJmETj2iCpeJXSvbFPId0ndM=",
        "owner": "NixOS",
        "repo": "nixpkgs",
        "rev": "c09b88d0ab46df89de0b7be4417aa4e3e9316552",
        "type": "github"
      },
      "original": {
        "owner": "NixOS",
        "ref": "master",
        "repo": "nixpkgs",
        "type": "github"
      }
    },
    "root": {
      "inputs": {
        "nixpkgs": "nixpkgs"
      }
    }
  },
  "root": "root",
  "version": 7
}
